
Microsoft Visual Studio Solution File, Format Version 12.00
# Visual Studio Version 17
VisualStudioVersion = 17.0.32014.148
MinimumVisualStudioVersion = 10.0.40219.1
Project("{FAE04EC0-301F-11D3-BF4B-00C04F79EFBC}") = "CourseLibrary.API", "CourseLibrary.API\CourseLibrary.API.csproj", "{795B7655-469A-4844-9DC6-A08F2F8CCE14}"
EndProject
Global
	GlobalSection(SolutionConfigurationPlatforms) = preSolution
		Debug|Any CPU = Debug|Any CPU
		Release|Any CPU = Release|Any CPU
	EndGlobalSection
	GlobalSection(ProjectConfigurationPlatforms) = postSolution
		{795B7655-469A-4844-9DC6-A08F2F8CCE14}.Debug|Any CPU.ActiveCfg = Debug|Any CPU
		{795B7655-469A-4844-9DC6-A08F2F8CCE14}.Debug|Any CPU.Build.0 = Debug|Any CPU
		{795B7655-469A-4844-9DC6-A08F2F8CCE14}.Release|Any CPU.ActiveCfg = Release|Any CPU
		{795B7655-469A-4844-9DC6-A08F2F8CCE14}.Release|Any CPU.Build.0 = Release|Any CPU
	EndGlobalSection
	GlobalSection(SolutionProperties) = preSolution
		HideSolutionNode = FALSE
	EndGlobalSection
	GlobalSection(ExtensibilityGlobals) = postSolution
		SolutionGuid = {5BE8DE64-9C96-4940-918B-C84C1D353283}
	EndGlobalSection
EndGlobal
